
Microsoft Visual Studio Solution File, Format Version 12.00
# Visual Studio Version 17
VisualStudioVersion = 17.11.34929.205
MinimumVisualStudioVersion = 10.0.40219.1
Project("{9A19103F-16F7-4668-BE54-9A1E7A4F7556}") = "Wh.Domain", "src\Wh.Domain\Wh.Domain.csproj", "{F3FA5A62-3B11-4845-952C-D26059815EF4}"
EndProject
Project("{9A19103F-16F7-4668-BE54-9A1E7A4F7556}") = "Wh.AppHost", "src\Wh.AppHost\Wh.AppHost.csproj", "{317A65CC-B0BE-4D63-89A4-9D862B5225CA}"
EndProject
Project("{9A19103F-16F7-4668-BE54-9A1E7A4F7556}") = "Wh.ServiceDefaults", "src\Wh.ServiceDefaults\Wh.ServiceDefaults.csproj", "{FEB6D944-1DF0-461E-AA7B-A74B1C2C996B}"
EndProject
Project("{2150E333-8FDC-42A3-9474-1A3956D46DE8}") = "Api", "Api", "{4D375537-3529-4A6A-AEED-D02A1A72B2E2}"
EndProject
Project("{2150E333-8FDC-42A3-9474-1A3956D46DE8}") = "Domain", "Domain", "{7324CB7D-CEB6-46DF-B05E-6B11578AD011}"
EndProject
Project("{2150E333-8FDC-42A3-9474-1A3956D46DE8}") = "Application", "Application", "{9B1B141D-8DFC-4B18-974E-959A54EFE06C}"
EndProject
Project("{9A19103F-16F7-4668-BE54-9A1E7A4F7556}") = "Wh.Application", "src\Wh.Application\Wh.Application.csproj", "{FFC6211C-6AF9-4A35-8106-7A244B8ED2B4}"
EndProject
Project("{2150E333-8FDC-42A3-9474-1A3956D46DE8}") = "Core", "Core", "{72196A71-A338-4047-8D9E-DA7E80A0E7DD}"
EndProject
Project("{9A19103F-16F7-4668-BE54-9A1E7A4F7556}") = "Adm.Core", "..\Adm\Adm.Core\Adm.Core.csproj", "{8FB038D8-E661-49E0-9001-02EE1A735BF2}"
EndProject
Global
	GlobalSection(SolutionConfigurationPlatforms) = preSolution
		Debug|Any CPU = Debug|Any CPU
		Release|Any CPU = Release|Any CPU
	EndGlobalSection
	GlobalSection(ProjectConfigurationPlatforms) = postSolution
		{F3FA5A62-3B11-4845-952C-D26059815EF4}.Debug|Any CPU.ActiveCfg = Debug|Any CPU
		{F3FA5A62-3B11-4845-952C-D26059815EF4}.Debug|Any CPU.Build.0 = Debug|Any CPU
		{F3FA5A62-3B11-4845-952C-D26059815EF4}.Release|Any CPU.ActiveCfg = Release|Any CPU
		{F3FA5A62-3B11-4845-952C-D26059815EF4}.Release|Any CPU.Build.0 = Release|Any CPU
		{317A65CC-B0BE-4D63-89A4-9D862B5225CA}.Debug|Any CPU.ActiveCfg = Debug|Any CPU
		{317A65CC-B0BE-4D63-89A4-9D862B5225CA}.Debug|Any CPU.Build.0 = Debug|Any CPU
		{317A65CC-B0BE-4D63-89A4-9D862B5225CA}.Release|Any CPU.ActiveCfg = Release|Any CPU
		{317A65CC-B0BE-4D63-89A4-9D862B5225CA}.Release|Any CPU.Build.0 = Release|Any CPU
		{FEB6D944-1DF0-461E-AA7B-A74B1C2C996B}.Debug|Any CPU.ActiveCfg = Debug|Any CPU
		{FEB6D944-1DF0-461E-AA7B-A74B1C2C996B}.Debug|Any CPU.Build.0 = Debug|Any CPU
		{FEB6D944-1DF0-461E-AA7B-A74B1C2C996B}.Release|Any CPU.ActiveCfg = Release|Any CPU
		{FEB6D944-1DF0-461E-AA7B-A74B1C2C996B}.Release|Any CPU.Build.0 = Release|Any CPU
		{FFC6211C-6AF9-4A35-8106-7A244B8ED2B4}.Debug|Any CPU.ActiveCfg = Debug|Any CPU
		{FFC6211C-6AF9-4A35-8106-7A244B8ED2B4}.Debug|Any CPU.Build.0 = Debug|Any CPU
		{FFC6211C-6AF9-4A35-8106-7A244B8ED2B4}.Release|Any CPU.ActiveCfg = Release|Any CPU
		{FFC6211C-6AF9-4A35-8106-7A244B8ED2B4}.Release|Any CPU.Build.0 = Release|Any CPU
		{8FB038D8-E661-49E0-9001-02EE1A735BF2}.Debug|Any CPU.ActiveCfg = Debug|Any CPU
		{8FB038D8-E661-49E0-9001-02EE1A735BF2}.Debug|Any CPU.Build.0 = Debug|Any CPU
		{8FB038D8-E661-49E0-9001-02EE1A735BF2}.Release|Any CPU.ActiveCfg = Release|Any CPU
		{8FB038D8-E661-49E0-9001-02EE1A735BF2}.Release|Any CPU.Build.0 = Release|Any CPU
	EndGlobalSection
	GlobalSection(SolutionProperties) = preSolution
		HideSolutionNode = FALSE
	EndGlobalSection
	GlobalSection(NestedProjects) = preSolution
		{F3FA5A62-3B11-4845-952C-D26059815EF4} = {7324CB7D-CEB6-46DF-B05E-6B11578AD011}
		{317A65CC-B0BE-4D63-89A4-9D862B5225CA} = {4D375537-3529-4A6A-AEED-D02A1A72B2E2}
		{FEB6D944-1DF0-461E-AA7B-A74B1C2C996B} = {4D375537-3529-4A6A-AEED-D02A1A72B2E2}
		{FFC6211C-6AF9-4A35-8106-7A244B8ED2B4} = {9B1B141D-8DFC-4B18-974E-959A54EFE06C}
		{8FB038D8-E661-49E0-9001-02EE1A735BF2} = {72196A71-A338-4047-8D9E-DA7E80A0E7DD}
	EndGlobalSection
	GlobalSection(ExtensibilityGlobals) = postSolution
		SolutionGuid = {3CD4E0F5-1179-4874-A5A5-74D6B3693A9A}
	EndGlobalSection
EndGlobal
