
Microsoft Visual Studio Solution File, Format Version 12.00
# Visual Studio Version 17
VisualStudioVersion = 17.11.34929.205
MinimumVisualStudioVersion = 10.0.40219.1
Project("{9A19103F-16F7-4668-BE54-9A1E7A4F7556}") = "Wh.Api", "src\Wh.Api\Wh.Api.csproj", "{96D4F8D8-7237-427B-8FD6-B296CE264420}"
EndProject
Project("{9A19103F-16F7-4668-BE54-9A1E7A4F7556}") = "Wh.Domain", "src\Wh.Domain\Wh.Domain.csproj", "{F3FA5A62-3B11-4845-952C-D26059815EF4}"
EndProject
Global
	GlobalSection(SolutionConfigurationPlatforms) = preSolution
		Debug|Any CPU = Debug|Any CPU
		Release|Any CPU = Release|Any CPU
	EndGlobalSection
	GlobalSection(ProjectConfigurationPlatforms) = postSolution
		{96D4F8D8-7237-427B-8FD6-B296CE264420}.Debug|Any CPU.ActiveCfg = Debug|Any CPU
		{96D4F8D8-7237-427B-8FD6-B296CE264420}.Debug|Any CPU.Build.0 = Debug|Any CPU
		{96D4F8D8-7237-427B-8FD6-B296CE264420}.Release|Any CPU.ActiveCfg = Release|Any CPU
		{96D4F8D8-7237-427B-8FD6-B296CE264420}.Release|Any CPU.Build.0 = Release|Any CPU
		{F3FA5A62-3B11-4845-952C-D26059815EF4}.Debug|Any CPU.ActiveCfg = Debug|Any CPU
		{F3FA5A62-3B11-4845-952C-D26059815EF4}.Debug|Any CPU.Build.0 = Debug|Any CPU
		{F3FA5A62-3B11-4845-952C-D26059815EF4}.Release|Any CPU.ActiveCfg = Release|Any CPU
		{F3FA5A62-3B11-4845-952C-D26059815EF4}.Release|Any CPU.Build.0 = Release|Any CPU
	EndGlobalSection
	GlobalSection(SolutionProperties) = preSolution
		HideSolutionNode = FALSE
	EndGlobalSection
	GlobalSection(ExtensibilityGlobals) = postSolution
		SolutionGuid = {3CD4E0F5-1179-4874-A5A5-74D6B3693A9A}
	EndGlobalSection
EndGlobal
